
Microsoft Visual Studio Solution File, Format Version 12.00
# Visual Studio 15
VisualStudioVersion = 15.0.27428.2043
MinimumVisualStudioVersion = 10.0.40219.1
Project("{9A19103F-16F7-4668-BE54-9A1E7A4F7556}") = "WalletManager", "WalletManager\WalletManager.csproj", "{42CA405E-D019-4B8C-9E51-1BBDF6F39F0D}"
EndProject
Project("{9A19103F-16F7-4668-BE54-9A1E7A4F7556}") = "XUnitTestProject1", "XUnitTestProject1\XUnitTestProject1.csproj", "{BD33FBA5-25E6-4BB7-B93C-3CFB34F95789}"
EndProject
Project("{FAE04EC0-301F-11D3-BF4B-00C04F79EFBC}") = "DebugTest", "DebugTest\DebugTest.csproj", "{47856439-EB7F-4C03-B544-8857BC552575}"
EndProject
Global
	GlobalSection(SolutionConfigurationPlatforms) = preSolution
		Debug|Any CPU = Debug|Any CPU
		Release|Any CPU = Release|Any CPU
	EndGlobalSection
	GlobalSection(ProjectConfigurationPlatforms) = postSolution
		{42CA405E-D019-4B8C-9E51-1BBDF6F39F0D}.Debug|Any CPU.ActiveCfg = Debug|Any CPU
		{42CA405E-D019-4B8C-9E51-1BBDF6F39F0D}.Debug|Any CPU.Build.0 = Debug|Any CPU
		{42CA405E-D019-4B8C-9E51-1BBDF6F39F0D}.Release|Any CPU.ActiveCfg = Release|Any CPU
		{42CA405E-D019-4B8C-9E51-1BBDF6F39F0D}.Release|Any CPU.Build.0 = Release|Any CPU
		{BD33FBA5-25E6-4BB7-B93C-3CFB34F95789}.Debug|Any CPU.ActiveCfg = Debug|Any CPU
		{BD33FBA5-25E6-4BB7-B93C-3CFB34F95789}.Debug|Any CPU.Build.0 = Debug|Any CPU
		{BD33FBA5-25E6-4BB7-B93C-3CFB34F95789}.Release|Any CPU.ActiveCfg = Release|Any CPU
		{BD33FBA5-25E6-4BB7-B93C-3CFB34F95789}.Release|Any CPU.Build.0 = Release|Any CPU
		{47856439-EB7F-4C03-B544-8857BC552575}.Debug|Any CPU.ActiveCfg = Debug|Any CPU
		{47856439-EB7F-4C03-B544-8857BC552575}.Debug|Any CPU.Build.0 = Debug|Any CPU
		{47856439-EB7F-4C03-B544-8857BC552575}.Release|Any CPU.ActiveCfg = Release|Any CPU
		{47856439-EB7F-4C03-B544-8857BC552575}.Release|Any CPU.Build.0 = Release|Any CPU
	EndGlobalSection
	GlobalSection(SolutionProperties) = preSolution
		HideSolutionNode = FALSE
	EndGlobalSection
	GlobalSection(ExtensibilityGlobals) = postSolution
		SolutionGuid = {7962DFB4-61B9-40B9-971A-57FE835B4E92}
	EndGlobalSection
EndGlobal
